// !$*UTF8*$!
{
	archiveVersion = 1;
	classes = {
	};
	objectVersion = 46;
	objects = {

/* Begin PBXBuildFile section */
		3604BAB81B4CD309008260C0 /* map_pin.png in Resources */ = {isa = PBXBuildFile; fileRef = 3604BAB71B4CD309008260C0 /* map_pin.png */; };
		3611C71F1A9A2A000058FDC5 /* facebook_signin.png in Resources */ = {isa = PBXBuildFile; fileRef = 3611C71C1A9A2A000058FDC5 /* facebook_signin.png */; };
		3611C7201A9A2A000058FDC5 /* google_signin.png in Resources */ = {isa = PBXBuildFile; fileRef = 3611C71D1A9A2A000058FDC5 /* google_signin.png */; };
		3611C7211A9A2A000058FDC5 /* twitter_signin.png in Resources */ = {isa = PBXBuildFile; fileRef = 3611C71E1A9A2A000058FDC5 /* twitter_signin.png */; };
		3624171A1B608C1C00D61A3B /* house.png in Resources */ = {isa = PBXBuildFile; fileRef = 362417191B608C1C00D61A3B /* house.png */; };
		363EED6C1B52B5C30047B41C /* SavedSearchResults.storyboard in Resources */ = {isa = PBXBuildFile; fileRef = 363EED6B1B52B5C30047B41C /* SavedSearchResults.storyboard */; };
		363EED6E1B52B6C50047B41C /* Alerts.storyboard in Resources */ = {isa = PBXBuildFile; fileRef = 363EED6D1B52B6C50047B41C /* Alerts.storyboard */; };
		363EED711B52B71E0047B41C /* AlertsViewController.m in Sources */ = {isa = PBXBuildFile; fileRef = 363EED701B52B71E0047B41C /* AlertsViewController.m */; };
		363EED741B52B7860047B41C /* SavedSearhResultsTableViewController.m in Sources */ = {isa = PBXBuildFile; fileRef = 363EED731B52B7860047B41C /* SavedSearhResultsTableViewController.m */; };
		363EED761B52BCFB0047B41C /* MyProperties.storyboard in Resources */ = {isa = PBXBuildFile; fileRef = 363EED751B52BCFB0047B41C /* MyProperties.storyboard */; };
		363EED7C1B52C1930047B41C /* PropertyDetails.storyboard in Resources */ = {isa = PBXBuildFile; fileRef = 363EED7B1B52C1930047B41C /* PropertyDetails.storyboard */; };
		363EED7E1B52C56D0047B41C /* MapSearch.storyboard in Resources */ = {isa = PBXBuildFile; fileRef = 363EED7D1B52C56D0047B41C /* MapSearch.storyboard */; };
		364D82E11A83D17400DDCCC5 /* main.m in Sources */ = {isa = PBXBuildFile; fileRef = 364D82E01A83D17400DDCCC5 /* main.m */; };
		364D82E41A83D17400DDCCC5 /* AppDelegate.m in Sources */ = {isa = PBXBuildFile; fileRef = 364D82E31A83D17400DDCCC5 /* AppDelegate.m */; };
		364D82ED1A83D17400DDCCC5 /* Main.storyboard in Resources */ = {isa = PBXBuildFile; fileRef = 364D82EB1A83D17400DDCCC5 /* Main.storyboard */; };
		364D82EF1A83D17400DDCCC5 /* Images.xcassets in Resources */ = {isa = PBXBuildFile; fileRef = 364D82EE1A83D17400DDCCC5 /* Images.xcassets */; };
		364D82F21A83D17400DDCCC5 /* LaunchScreen.xib in Resources */ = {isa = PBXBuildFile; fileRef = 364D82F01A83D17400DDCCC5 /* LaunchScreen.xib */; };
		364D83081A83DF4900DDCCC5 /* MapKit.framework in Frameworks */ = {isa = PBXBuildFile; fileRef = 364D83071A83DF4900DDCCC5 /* MapKit.framework */; };
		364D830B1A83E89300DDCCC5 /* SearchViewController.m in Sources */ = {isa = PBXBuildFile; fileRef = 364D830A1A83E89300DDCCC5 /* SearchViewController.m */; };
		364D830E1A83F6DD00DDCCC5 /* HottestTableViewController.m in Sources */ = {isa = PBXBuildFile; fileRef = 364D830D1A83F6DD00DDCCC5 /* HottestTableViewController.m */; };
		364D83171A83F76100DDCCC5 /* im1.jpg in Resources */ = {isa = PBXBuildFile; fileRef = 364D830F1A83F76100DDCCC5 /* im1.jpg */; };
		364D83181A83F76100DDCCC5 /* im2.jpg in Resources */ = {isa = PBXBuildFile; fileRef = 364D83101A83F76100DDCCC5 /* im2.jpg */; };
		364D83191A83F76100DDCCC5 /* im3.jpg in Resources */ = {isa = PBXBuildFile; fileRef = 364D83111A83F76100DDCCC5 /* im3.jpg */; };
		364D831A1A83F76100DDCCC5 /* im4.jpg in Resources */ = {isa = PBXBuildFile; fileRef = 364D83121A83F76100DDCCC5 /* im4.jpg */; };
		364D831B1A83F76100DDCCC5 /* im5.jpg in Resources */ = {isa = PBXBuildFile; fileRef = 364D83131A83F76100DDCCC5 /* im5.jpg */; };
		364D831C1A83F76100DDCCC5 /* im6.jpg in Resources */ = {isa = PBXBuildFile; fileRef = 364D83141A83F76100DDCCC5 /* im6.jpg */; };
		364D831D1A83F76100DDCCC5 /* im7.jpg in Resources */ = {isa = PBXBuildFile; fileRef = 364D83151A83F76100DDCCC5 /* im7.jpg */; };
		364D831E1A83F76100DDCCC5 /* im8.jpg in Resources */ = {isa = PBXBuildFile; fileRef = 364D83161A83F76100DDCCC5 /* im8.jpg */; };
		364D83211A83F95C00DDCCC5 /* MyListingViewController.m in Sources */ = {isa = PBXBuildFile; fileRef = 364D83201A83F95C00DDCCC5 /* MyListingViewController.m */; };
		364D83241A83FF9C00DDCCC5 /* MyAccountviewController.m in Sources */ = {isa = PBXBuildFile; fileRef = 364D83231A83FF9C00DDCCC5 /* MyAccountviewController.m */; };
		364D83261A841F5300DDCCC5 /* small-red-pin.png in Resources */ = {isa = PBXBuildFile; fileRef = 364D83251A841F5300DDCCC5 /* small-red-pin.png */; };
		364D832B1A8428EE00DDCCC5 /* Property.m in Sources */ = {isa = PBXBuildFile; fileRef = 364D832A1A8428EE00DDCCC5 /* Property.m */; };
		364D83311A843F0E00DDCCC5 /* PropertyDetailViewController.m in Sources */ = {isa = PBXBuildFile; fileRef = 364D83301A843F0E00DDCCC5 /* PropertyDetailViewController.m */; };
		365261051B5166AE0091B448 /* disclosure.png in Resources */ = {isa = PBXBuildFile; fileRef = 365261041B5166AE0091B448 /* disclosure.png */; };
		365261081B5168FA0091B448 /* Settings.storyboard in Resources */ = {isa = PBXBuildFile; fileRef = 365261071B5168FA0091B448 /* Settings.storyboard */; };
		3652610B1B51716E0091B448 /* SettingsTableViewController.m in Sources */ = {isa = PBXBuildFile; fileRef = 3652610A1B51716E0091B448 /* SettingsTableViewController.m */; };
		365333EE1A98E1CD00511302 /* NSUserDefaultsCategory.m in Sources */ = {isa = PBXBuildFile; fileRef = 365333ED1A98E1CD00511302 /* NSUserDefaultsCategory.m */; };
		36573E361A9244C00023680D /* LoginViewController.m in Sources */ = {isa = PBXBuildFile; fileRef = 36573E351A9244C00023680D /* LoginViewController.m */; };
		36573E391A9244DB0023680D /* RegisterViewController.m in Sources */ = {isa = PBXBuildFile; fileRef = 36573E381A9244DB0023680D /* RegisterViewController.m */; };
		365882571B611BED00456CBF /* ExpenseChartViewController.m in Sources */ = {isa = PBXBuildFile; fileRef = 365882561B611BED00456CBF /* ExpenseChartViewController.m */; };
		3658825A1B611C0500456CBF /* IncomeExpenseChartViewController.m in Sources */ = {isa = PBXBuildFile; fileRef = 365882591B611C0500456CBF /* IncomeExpenseChartViewController.m */; };
		365B70621AA3867300BC7E91 /* hand25.png in Resources */ = {isa = PBXBuildFile; fileRef = 365B70601AA3867300BC7E91 /* hand25.png */; };
		365B70631AA3867300BC7E91 /* delete25.png in Resources */ = {isa = PBXBuildFile; fileRef = 365B70611AA3867300BC7E91 /* delete25.png */; };
		365CDBB91A92A66100C41FB5 /* User.m in Sources */ = {isa = PBXBuildFile; fileRef = 365CDBB81A92A66100C41FB5 /* User.m */; };
		365CDBBC1A92A72600C41FB5 /* UserDataStore.m in Sources */ = {isa = PBXBuildFile; fileRef = 365CDBBB1A92A72600C41FB5 /* UserDataStore.m */; };
		36615B8A1AD0421700E48A8F /* PGSideDrawerController.m in Sources */ = {isa = PBXBuildFile; fileRef = 36615B871AD0421700E48A8F /* PGSideDrawerController.m */; };
		36615B8B1AD0421700E48A8F /* PGViewController.m in Sources */ = {isa = PBXBuildFile; fileRef = 36615B891AD0421700E48A8F /* PGViewController.m */; };
		367659861A8529B600D3D929 /* pic..png in Resources */ = {isa = PBXBuildFile; fileRef = 367659831A8529B600D3D929 /* pic..png */; };
		367659871A8529B600D3D929 /* expense.png in Resources */ = {isa = PBXBuildFile; fileRef = 367659841A8529B600D3D929 /* expense.png */; };
		367659881A8529B600D3D929 /* graph.png in Resources */ = {isa = PBXBuildFile; fileRef = 367659851A8529B600D3D929 /* graph.png */; };
		3676598A1A853D6700D3D929 /* appicon.png in Resources */ = {isa = PBXBuildFile; fileRef = 367659891A853D6700D3D929 /* appicon.png */; };
		367E26F21A8FA8D8005B2879 /* PropertyDataStore.m in Sources */ = {isa = PBXBuildFile; fileRef = 367E26F11A8FA8D8005B2879 /* PropertyDataStore.m */; };
		36899EFA1B4EA99100B9805F /* signin.storyboard in Resources */ = {isa = PBXBuildFile; fileRef = 36899EF91B4EA99100B9805F /* signin.storyboard */; };
		36899EFE1B4EBC0D00B9805F /* SigninTableViewController.m in Sources */ = {isa = PBXBuildFile; fileRef = 36899EFD1B4EBC0D00B9805F /* SigninTableViewController.m */; };
		369B60A61AAB4BC200C69C17 /* RootViewController.m in Sources */ = {isa = PBXBuildFile; fileRef = 369B60A51AAB4BC200C69C17 /* RootViewController.m */; };
		36D42A0E1B5AA404002A9C81 /* AnnotationCalloutViewController.m in Sources */ = {isa = PBXBuildFile; fileRef = 36D42A0D1B5AA404002A9C81 /* AnnotationCalloutViewController.m */; };
		36D5F4CD1B5C05F30055D78D /* FinancialViewController.m in Sources */ = {isa = PBXBuildFile; fileRef = 36D5F4CC1B5C05F30055D78D /* FinancialViewController.m */; };
		36D5F4D01B5C061B0055D78D /* DetailTableViewController.m in Sources */ = {isa = PBXBuildFile; fileRef = 36D5F4CF1B5C061B0055D78D /* DetailTableViewController.m */; };
		36D5F4D31B5C48C30055D78D /* FinancialTableViewController.m in Sources */ = {isa = PBXBuildFile; fileRef = 36D5F4D21B5C48C30055D78D /* FinancialTableViewController.m */; };
		36EC11591B4B706A005FC935 /* logo.png in Resources */ = {isa = PBXBuildFile; fileRef = 36EC11581B4B706A005FC935 /* logo.png */; };
		36EC115B1B4B7363005FC935 /* icon50.png in Resources */ = {isa = PBXBuildFile; fileRef = 36EC115A1B4B7363005FC935 /* icon50.png */; };
		36EC115F1B4B768F005FC935 /* chrometopia.png in Resources */ = {isa = PBXBuildFile; fileRef = 36EC115E1B4B768F005FC935 /* chrometopia.png */; };
		36F12AA11B517DDC002E7669 /* HottestProperty.storyboard in Resources */ = {isa = PBXBuildFile; fileRef = 36F12AA01B517DDC002E7669 /* HottestProperty.storyboard */; };
		36F12AA41B51851F002E7669 /* HottestPropertyContainerViewController.m in Sources */ = {isa = PBXBuildFile; fileRef = 36F12AA31B51851F002E7669 /* HottestPropertyContainerViewController.m */; };
		36F9FDC41B626A02006B47B3 /* LogoTransparent.png in Resources */ = {isa = PBXBuildFile; fileRef = 36F9FDC31B626A02006B47B3 /* LogoTransparent.png */; };
		39544DD094DE3344D9EA0565 /* libPods-Chrometopia.a in Frameworks */ = {isa = PBXBuildFile; fileRef = 0FB7576E5EABC1E99F1E1C66 /* libPods-Chrometopia.a */; };
		9D00108F1AA63348005C3375 /* FilterViewController.m in Sources */ = {isa = PBXBuildFile; fileRef = 9D00108E1AA63348005C3375 /* FilterViewController.m */; };
		9D0D8E7A1AD86B0F002A6177 /* EmptySegue.m in Sources */ = {isa = PBXBuildFile; fileRef = 9D0D8E791AD86B0F002A6177 /* EmptySegue.m */; };
		9D178D1F1AD7019A00523BE7 /* AddPropertyViewController.m in Sources */ = {isa = PBXBuildFile; fileRef = 9D178D1E1AD7019A00523BE7 /* AddPropertyViewController.m */; };
		9D1A70B81AD486A80029E9D4 /* location_services.png in Resources */ = {isa = PBXBuildFile; fileRef = 9D1A70B71AD486A80029E9D4 /* location_services.png */; };
		9D9CC76C1A9FA221000D127E /* Expense.m in Sources */ = {isa = PBXBuildFile; fileRef = 9D9CC76B1A9FA221000D127E /* Expense.m */; };
		9D9EB5AA1AD84C9C00118AA2 /* PropertySearchController.m in Sources */ = {isa = PBXBuildFile; fileRef = 9D9EB5A91AD84C9C00118AA2 /* PropertySearchController.m */; };
		9D9EB5AD1AD864C300118AA2 /* ContainerViewController.m in Sources */ = {isa = PBXBuildFile; fileRef = 9D9EB5AC1AD864C300118AA2 /* ContainerViewController.m */; };
		9D9EB5B01AD8660D00118AA2 /* ListViewController.m in Sources */ = {isa = PBXBuildFile; fileRef = 9D9EB5AF1AD8660D00118AA2 /* ListViewController.m */; };
		9DD37AAB1AA784E90092983A /* Filter.png in Resources */ = {isa = PBXBuildFile; fileRef = 9DD37AAA1AA784E90092983A /* Filter.png */; };
/* End PBXBuildFile section */

/* Begin PBXFileReference section */
		0DF5098118B2ED258E6E1F23 /* Pods-Chrometopia.debug.xcconfig */ = {isa = PBXFileReference; includeInIndex = 1; lastKnownFileType = text.xcconfig; name = "Pods-Chrometopia.debug.xcconfig"; path = "Pods/Target Support Files/Pods-Chrometopia/Pods-Chrometopia.debug.xcconfig"; sourceTree = "<group>"; };
		0FB7576E5EABC1E99F1E1C66 /* libPods-Chrometopia.a */ = {isa = PBXFileReference; explicitFileType = archive.ar; includeInIndex = 0; path = "libPods-Chrometopia.a"; sourceTree = BUILT_PRODUCTS_DIR; };
		3604BAB71B4CD309008260C0 /* map_pin.png */ = {isa = PBXFileReference; lastKnownFileType = image.png; path = map_pin.png; sourceTree = "<group>"; };
		3611C71C1A9A2A000058FDC5 /* facebook_signin.png */ = {isa = PBXFileReference; lastKnownFileType = image.png; path = facebook_signin.png; sourceTree = "<group>"; };
		3611C71D1A9A2A000058FDC5 /* google_signin.png */ = {isa = PBXFileReference; lastKnownFileType = image.png; path = google_signin.png; sourceTree = "<group>"; };
		3611C71E1A9A2A000058FDC5 /* twitter_signin.png */ = {isa = PBXFileReference; lastKnownFileType = image.png; path = twitter_signin.png; sourceTree = "<group>"; };
		362417191B608C1C00D61A3B /* house.png */ = {isa = PBXFileReference; lastKnownFileType = image.png; path = house.png; sourceTree = "<group>"; };
		363EED6B1B52B5C30047B41C /* SavedSearchResults.storyboard */ = {isa = PBXFileReference; fileEncoding = 4; lastKnownFileType = file.storyboard; path = SavedSearchResults.storyboard; sourceTree = "<group>"; };
		363EED6D1B52B6C50047B41C /* Alerts.storyboard */ = {isa = PBXFileReference; fileEncoding = 4; lastKnownFileType = file.storyboard; path = Alerts.storyboard; sourceTree = "<group>"; };
		363EED6F1B52B71E0047B41C /* AlertsViewController.h */ = {isa = PBXFileReference; fileEncoding = 4; lastKnownFileType = sourcecode.c.h; path = AlertsViewController.h; sourceTree = "<group>"; };
		363EED701B52B71E0047B41C /* AlertsViewController.m */ = {isa = PBXFileReference; fileEncoding = 4; lastKnownFileType = sourcecode.c.objc; path = AlertsViewController.m; sourceTree = "<group>"; };
		363EED721B52B7860047B41C /* SavedSearhResultsTableViewController.h */ = {isa = PBXFileReference; fileEncoding = 4; lastKnownFileType = sourcecode.c.h; path = SavedSearhResultsTableViewController.h; sourceTree = "<group>"; };
		363EED731B52B7860047B41C /* SavedSearhResultsTableViewController.m */ = {isa = PBXFileReference; fileEncoding = 4; lastKnownFileType = sourcecode.c.objc; path = SavedSearhResultsTableViewController.m; sourceTree = "<group>"; };
		363EED751B52BCFB0047B41C /* MyProperties.storyboard */ = {isa = PBXFileReference; fileEncoding = 4; lastKnownFileType = file.storyboard; path = MyProperties.storyboard; sourceTree = "<group>"; };
		363EED7B1B52C1930047B41C /* PropertyDetails.storyboard */ = {isa = PBXFileReference; fileEncoding = 4; lastKnownFileType = file.storyboard; path = PropertyDetails.storyboard; sourceTree = "<group>"; };
		363EED7D1B52C56D0047B41C /* MapSearch.storyboard */ = {isa = PBXFileReference; fileEncoding = 4; lastKnownFileType = file.storyboard; path = MapSearch.storyboard; sourceTree = "<group>"; };
		364D82DB1A83D17400DDCCC5 /* Chrometopia.app */ = {isa = PBXFileReference; explicitFileType = wrapper.application; includeInIndex = 0; path = Chrometopia.app; sourceTree = BUILT_PRODUCTS_DIR; };
		364D82DF1A83D17400DDCCC5 /* Info.plist */ = {isa = PBXFileReference; lastKnownFileType = text.plist.xml; path = Info.plist; sourceTree = "<group>"; };
		364D82E01A83D17400DDCCC5 /* main.m */ = {isa = PBXFileReference; lastKnownFileType = sourcecode.c.objc; path = main.m; sourceTree = "<group>"; };
		364D82E21A83D17400DDCCC5 /* AppDelegate.h */ = {isa = PBXFileReference; lastKnownFileType = sourcecode.c.h; path = AppDelegate.h; sourceTree = "<group>"; };
		364D82E31A83D17400DDCCC5 /* AppDelegate.m */ = {isa = PBXFileReference; lastKnownFileType = sourcecode.c.objc; path = AppDelegate.m; sourceTree = "<group>"; };
		364D82EC1A83D17400DDCCC5 /* Base */ = {isa = PBXFileReference; lastKnownFileType = file.storyboard; name = Base; path = Base.lproj/Main.storyboard; sourceTree = "<group>"; };
		364D82EE1A83D17400DDCCC5 /* Images.xcassets */ = {isa = PBXFileReference; lastKnownFileType = folder.assetcatalog; path = Images.xcassets; sourceTree = "<group>"; };
		364D82F11A83D17400DDCCC5 /* Base */ = {isa = PBXFileReference; lastKnownFileType = file.xib; name = Base; path = Base.lproj/LaunchScreen.xib; sourceTree = "<group>"; };
		364D82FC1A83D17400DDCCC5 /* Info.plist */ = {isa = PBXFileReference; lastKnownFileType = text.plist.xml; path = Info.plist; sourceTree = "<group>"; };
		364D82FD1A83D17400DDCCC5 /* Multi_Family_Properties_SearchTests.m */ = {isa = PBXFileReference; lastKnownFileType = sourcecode.c.objc; path = Multi_Family_Properties_SearchTests.m; sourceTree = "<group>"; };
		364D83071A83DF4900DDCCC5 /* MapKit.framework */ = {isa = PBXFileReference; lastKnownFileType = wrapper.framework; name = MapKit.framework; path = System/Library/Frameworks/MapKit.framework; sourceTree = SDKROOT; };
		364D83091A83E89300DDCCC5 /* SearchViewController.h */ = {isa = PBXFileReference; fileEncoding = 4; lastKnownFileType = sourcecode.c.h; path = SearchViewController.h; sourceTree = "<group>"; };
		364D830A1A83E89300DDCCC5 /* SearchViewController.m */ = {isa = PBXFileReference; fileEncoding = 4; lastKnownFileType = sourcecode.c.objc; path = SearchViewController.m; sourceTree = "<group>"; };
		364D830C1A83F6DD00DDCCC5 /* HottestTableViewController.h */ = {isa = PBXFileReference; fileEncoding = 4; lastKnownFileType = sourcecode.c.h; path = HottestTableViewController.h; sourceTree = "<group>"; };
		364D830D1A83F6DD00DDCCC5 /* HottestTableViewController.m */ = {isa = PBXFileReference; fileEncoding = 4; lastKnownFileType = sourcecode.c.objc; path = HottestTableViewController.m; sourceTree = "<group>"; };
		364D830F1A83F76100DDCCC5 /* im1.jpg */ = {isa = PBXFileReference; lastKnownFileType = image.jpeg; path = im1.jpg; sourceTree = "<group>"; };
		364D83101A83F76100DDCCC5 /* im2.jpg */ = {isa = PBXFileReference; lastKnownFileType = image.jpeg; path = im2.jpg; sourceTree = "<group>"; };
		364D83111A83F76100DDCCC5 /* im3.jpg */ = {isa = PBXFileReference; lastKnownFileType = image.jpeg; path = im3.jpg; sourceTree = "<group>"; };
		364D83121A83F76100DDCCC5 /* im4.jpg */ = {isa = PBXFileReference; lastKnownFileType = image.jpeg; path = im4.jpg; sourceTree = "<group>"; };
		364D83131A83F76100DDCCC5 /* im5.jpg */ = {isa = PBXFileReference; lastKnownFileType = image.jpeg; path = im5.jpg; sourceTree = "<group>"; };
		364D83141A83F76100DDCCC5 /* im6.jpg */ = {isa = PBXFileReference; lastKnownFileType = image.jpeg; path = im6.jpg; sourceTree = "<group>"; };
		364D83151A83F76100DDCCC5 /* im7.jpg */ = {isa = PBXFileReference; lastKnownFileType = image.jpeg; path = im7.jpg; sourceTree = "<group>"; };
		364D83161A83F76100DDCCC5 /* im8.jpg */ = {isa = PBXFileReference; lastKnownFileType = image.jpeg; path = im8.jpg; sourceTree = "<group>"; };
		364D831F1A83F95C00DDCCC5 /* MyListingViewController.h */ = {isa = PBXFileReference; fileEncoding = 4; lastKnownFileType = sourcecode.c.h; path = MyListingViewController.h; sourceTree = "<group>"; };
		364D83201A83F95C00DDCCC5 /* MyListingViewController.m */ = {isa = PBXFileReference; fileEncoding = 4; lastKnownFileType = sourcecode.c.objc; path = MyListingViewController.m; sourceTree = "<group>"; };
		364D83221A83FF9C00DDCCC5 /* MyAccountviewController.h */ = {isa = PBXFileReference; fileEncoding = 4; lastKnownFileType = sourcecode.c.h; path = MyAccountviewController.h; sourceTree = "<group>"; };
		364D83231A83FF9C00DDCCC5 /* MyAccountviewController.m */ = {isa = PBXFileReference; fileEncoding = 4; lastKnownFileType = sourcecode.c.objc; path = MyAccountviewController.m; sourceTree = "<group>"; };
		364D83251A841F5300DDCCC5 /* small-red-pin.png */ = {isa = PBXFileReference; lastKnownFileType = image.png; path = "small-red-pin.png"; sourceTree = "<group>"; };
		364D83291A8428EE00DDCCC5 /* Property.h */ = {isa = PBXFileReference; fileEncoding = 4; lastKnownFileType = sourcecode.c.h; path = Property.h; sourceTree = "<group>"; };
		364D832A1A8428EE00DDCCC5 /* Property.m */ = {isa = PBXFileReference; fileEncoding = 4; lastKnownFileType = sourcecode.c.objc; path = Property.m; sourceTree = "<group>"; };
		364D832F1A843F0E00DDCCC5 /* PropertyDetailViewController.h */ = {isa = PBXFileReference; fileEncoding = 4; lastKnownFileType = sourcecode.c.h; path = PropertyDetailViewController.h; sourceTree = "<group>"; };
		364D83301A843F0E00DDCCC5 /* PropertyDetailViewController.m */ = {isa = PBXFileReference; fileEncoding = 4; lastKnownFileType = sourcecode.c.objc; path = PropertyDetailViewController.m; sourceTree = "<group>"; };
		365261041B5166AE0091B448 /* disclosure.png */ = {isa = PBXFileReference; lastKnownFileType = image.png; path = disclosure.png; sourceTree = "<group>"; };
		365261071B5168FA0091B448 /* Settings.storyboard */ = {isa = PBXFileReference; fileEncoding = 4; lastKnownFileType = file.storyboard; path = Settings.storyboard; sourceTree = "<group>"; };
		365261091B51716E0091B448 /* SettingsTableViewController.h */ = {isa = PBXFileReference; fileEncoding = 4; lastKnownFileType = sourcecode.c.h; path = SettingsTableViewController.h; sourceTree = "<group>"; };
		3652610A1B51716E0091B448 /* SettingsTableViewController.m */ = {isa = PBXFileReference; fileEncoding = 4; lastKnownFileType = sourcecode.c.objc; path = SettingsTableViewController.m; sourceTree = "<group>"; };
		365333EC1A98E1CD00511302 /* NSUserDefaultsCategory.h */ = {isa = PBXFileReference; fileEncoding = 4; lastKnownFileType = sourcecode.c.h; path = NSUserDefaultsCategory.h; sourceTree = "<group>"; };
		365333ED1A98E1CD00511302 /* NSUserDefaultsCategory.m */ = {isa = PBXFileReference; fileEncoding = 4; lastKnownFileType = sourcecode.c.objc; path = NSUserDefaultsCategory.m; sourceTree = "<group>"; };
		36573E341A9244C00023680D /* LoginViewController.h */ = {isa = PBXFileReference; fileEncoding = 4; lastKnownFileType = sourcecode.c.h; path = LoginViewController.h; sourceTree = "<group>"; };
		36573E351A9244C00023680D /* LoginViewController.m */ = {isa = PBXFileReference; fileEncoding = 4; lastKnownFileType = sourcecode.c.objc; path = LoginViewController.m; sourceTree = "<group>"; };
		36573E371A9244DB0023680D /* RegisterViewController.h */ = {isa = PBXFileReference; fileEncoding = 4; lastKnownFileType = sourcecode.c.h; path = RegisterViewController.h; sourceTree = "<group>"; };
		36573E381A9244DB0023680D /* RegisterViewController.m */ = {isa = PBXFileReference; fileEncoding = 4; lastKnownFileType = sourcecode.c.objc; path = RegisterViewController.m; sourceTree = "<group>"; };
		365882551B611BED00456CBF /* ExpenseChartViewController.h */ = {isa = PBXFileReference; fileEncoding = 4; lastKnownFileType = sourcecode.c.h; path = ExpenseChartViewController.h; sourceTree = "<group>"; };
		365882561B611BED00456CBF /* ExpenseChartViewController.m */ = {isa = PBXFileReference; fileEncoding = 4; lastKnownFileType = sourcecode.c.objc; path = ExpenseChartViewController.m; sourceTree = "<group>"; };
		365882581B611C0500456CBF /* IncomeExpenseChartViewController.h */ = {isa = PBXFileReference; fileEncoding = 4; lastKnownFileType = sourcecode.c.h; path = IncomeExpenseChartViewController.h; sourceTree = "<group>"; };
		365882591B611C0500456CBF /* IncomeExpenseChartViewController.m */ = {isa = PBXFileReference; fileEncoding = 4; lastKnownFileType = sourcecode.c.objc; path = IncomeExpenseChartViewController.m; sourceTree = "<group>"; };
		365B70601AA3867300BC7E91 /* hand25.png */ = {isa = PBXFileReference; lastKnownFileType = image.png; path = hand25.png; sourceTree = "<group>"; };
		365B70611AA3867300BC7E91 /* delete25.png */ = {isa = PBXFileReference; lastKnownFileType = image.png; path = delete25.png; sourceTree = "<group>"; };
		365CDBB71A92A66100C41FB5 /* User.h */ = {isa = PBXFileReference; fileEncoding = 4; lastKnownFileType = sourcecode.c.h; path = User.h; sourceTree = "<group>"; };
		365CDBB81A92A66100C41FB5 /* User.m */ = {isa = PBXFileReference; fileEncoding = 4; lastKnownFileType = sourcecode.c.objc; path = User.m; sourceTree = "<group>"; };
		365CDBBA1A92A72600C41FB5 /* UserDataStore.h */ = {isa = PBXFileReference; fileEncoding = 4; lastKnownFileType = sourcecode.c.h; path = UserDataStore.h; sourceTree = "<group>"; };
		365CDBBB1A92A72600C41FB5 /* UserDataStore.m */ = {isa = PBXFileReference; fileEncoding = 4; lastKnownFileType = sourcecode.c.objc; path = UserDataStore.m; sourceTree = "<group>"; };
		36615B861AD0421700E48A8F /* PGSideDrawerController.h */ = {isa = PBXFileReference; fileEncoding = 4; lastKnownFileType = sourcecode.c.h; path = PGSideDrawerController.h; sourceTree = "<group>"; };
		36615B871AD0421700E48A8F /* PGSideDrawerController.m */ = {isa = PBXFileReference; fileEncoding = 4; lastKnownFileType = sourcecode.c.objc; path = PGSideDrawerController.m; sourceTree = "<group>"; };
		36615B881AD0421700E48A8F /* PGViewController.h */ = {isa = PBXFileReference; fileEncoding = 4; lastKnownFileType = sourcecode.c.h; path = PGViewController.h; sourceTree = "<group>"; };
		36615B891AD0421700E48A8F /* PGViewController.m */ = {isa = PBXFileReference; fileEncoding = 4; lastKnownFileType = sourcecode.c.objc; path = PGViewController.m; sourceTree = "<group>"; };
		367659831A8529B600D3D929 /* pic..png */ = {isa = PBXFileReference; lastKnownFileType = image.png; path = pic..png; sourceTree = "<group>"; };
		367659841A8529B600D3D929 /* expense.png */ = {isa = PBXFileReference; lastKnownFileType = image.png; path = expense.png; sourceTree = "<group>"; };
		367659851A8529B600D3D929 /* graph.png */ = {isa = PBXFileReference; lastKnownFileType = image.png; path = graph.png; sourceTree = "<group>"; };
		367659891A853D6700D3D929 /* appicon.png */ = {isa = PBXFileReference; lastKnownFileType = image.png; path = appicon.png; sourceTree = "<group>"; };
		367E26F01A8FA8D8005B2879 /* PropertyDataStore.h */ = {isa = PBXFileReference; fileEncoding = 4; lastKnownFileType = sourcecode.c.h; path = PropertyDataStore.h; sourceTree = "<group>"; };
		367E26F11A8FA8D8005B2879 /* PropertyDataStore.m */ = {isa = PBXFileReference; fileEncoding = 4; lastKnownFileType = sourcecode.c.objc; path = PropertyDataStore.m; sourceTree = "<group>"; };
		36899EF91B4EA99100B9805F /* signin.storyboard */ = {isa = PBXFileReference; fileEncoding = 4; lastKnownFileType = file.storyboard; path = signin.storyboard; sourceTree = "<group>"; };
		36899EFC1B4EBC0D00B9805F /* SigninTableViewController.h */ = {isa = PBXFileReference; fileEncoding = 4; lastKnownFileType = sourcecode.c.h; path = SigninTableViewController.h; sourceTree = "<group>"; };
		36899EFD1B4EBC0D00B9805F /* SigninTableViewController.m */ = {isa = PBXFileReference; fileEncoding = 4; lastKnownFileType = sourcecode.c.objc; path = SigninTableViewController.m; sourceTree = "<group>"; };
		369B60A41AAB4BC200C69C17 /* RootViewController.h */ = {isa = PBXFileReference; fileEncoding = 4; lastKnownFileType = sourcecode.c.h; path = RootViewController.h; sourceTree = "<group>"; };
		369B60A51AAB4BC200C69C17 /* RootViewController.m */ = {isa = PBXFileReference; fileEncoding = 4; lastKnownFileType = sourcecode.c.objc; path = RootViewController.m; sourceTree = "<group>"; };
		36D42A0C1B5AA404002A9C81 /* AnnotationCalloutViewController.h */ = {isa = PBXFileReference; fileEncoding = 4; lastKnownFileType = sourcecode.c.h; path = AnnotationCalloutViewController.h; sourceTree = "<group>"; };
		36D42A0D1B5AA404002A9C81 /* AnnotationCalloutViewController.m */ = {isa = PBXFileReference; fileEncoding = 4; lastKnownFileType = sourcecode.c.objc; path = AnnotationCalloutViewController.m; sourceTree = "<group>"; };
		36D5F4CB1B5C05F30055D78D /* FinancialViewController.h */ = {isa = PBXFileReference; fileEncoding = 4; lastKnownFileType = sourcecode.c.h; path = FinancialViewController.h; sourceTree = "<group>"; };
		36D5F4CC1B5C05F30055D78D /* FinancialViewController.m */ = {isa = PBXFileReference; fileEncoding = 4; lastKnownFileType = sourcecode.c.objc; path = FinancialViewController.m; sourceTree = "<group>"; };
		36D5F4CE1B5C061B0055D78D /* DetailTableViewController.h */ = {isa = PBXFileReference; fileEncoding = 4; lastKnownFileType = sourcecode.c.h; path = DetailTableViewController.h; sourceTree = "<group>"; };
		36D5F4CF1B5C061B0055D78D /* DetailTableViewController.m */ = {isa = PBXFileReference; fileEncoding = 4; lastKnownFileType = sourcecode.c.objc; path = DetailTableViewController.m; sourceTree = "<group>"; };
		36D5F4D11B5C48C30055D78D /* FinancialTableViewController.h */ = {isa = PBXFileReference; fileEncoding = 4; lastKnownFileType = sourcecode.c.h; path = FinancialTableViewController.h; sourceTree = "<group>"; };
		36D5F4D21B5C48C30055D78D /* FinancialTableViewController.m */ = {isa = PBXFileReference; fileEncoding = 4; lastKnownFileType = sourcecode.c.objc; path = FinancialTableViewController.m; sourceTree = "<group>"; };
		36EC11581B4B706A005FC935 /* logo.png */ = {isa = PBXFileReference; lastKnownFileType = image.png; path = logo.png; sourceTree = "<group>"; };
		36EC115A1B4B7363005FC935 /* icon50.png */ = {isa = PBXFileReference; lastKnownFileType = image.png; path = icon50.png; sourceTree = "<group>"; };
		36EC115E1B4B768F005FC935 /* chrometopia.png */ = {isa = PBXFileReference; lastKnownFileType = image.png; path = chrometopia.png; sourceTree = "<group>"; };
		36F12AA01B517DDC002E7669 /* HottestProperty.storyboard */ = {isa = PBXFileReference; fileEncoding = 4; lastKnownFileType = file.storyboard; path = HottestProperty.storyboard; sourceTree = "<group>"; };
		36F12AA21B51851F002E7669 /* HottestPropertyContainerViewController.h */ = {isa = PBXFileReference; fileEncoding = 4; lastKnownFileType = sourcecode.c.h; path = HottestPropertyContainerViewController.h; sourceTree = "<group>"; };
		36F12AA31B51851F002E7669 /* HottestPropertyContainerViewController.m */ = {isa = PBXFileReference; fileEncoding = 4; lastKnownFileType = sourcecode.c.objc; path = HottestPropertyContainerViewController.m; sourceTree = "<group>"; };
		36F9FDC31B626A02006B47B3 /* LogoTransparent.png */ = {isa = PBXFileReference; lastKnownFileType = image.png; path = LogoTransparent.png; sourceTree = "<group>"; };
		9CEF9275FE27C8F8593F2CF0 /* Pods-Chrometopia.release.xcconfig */ = {isa = PBXFileReference; includeInIndex = 1; lastKnownFileType = text.xcconfig; name = "Pods-Chrometopia.release.xcconfig"; path = "Pods/Target Support Files/Pods-Chrometopia/Pods-Chrometopia.release.xcconfig"; sourceTree = "<group>"; };
		9D00108D1AA63348005C3375 /* FilterViewController.h */ = {isa = PBXFileReference; fileEncoding = 4; lastKnownFileType = sourcecode.c.h; path = FilterViewController.h; sourceTree = "<group>"; };
		9D00108E1AA63348005C3375 /* FilterViewController.m */ = {isa = PBXFileReference; fileEncoding = 4; lastKnownFileType = sourcecode.c.objc; path = FilterViewController.m; sourceTree = "<group>"; };
		9D0010901AA6689F005C3375 /* FilterDelegate.h */ = {isa = PBXFileReference; fileEncoding = 4; lastKnownFileType = sourcecode.c.h; path = FilterDelegate.h; sourceTree = "<group>"; };
		9D0D8E781AD86B0F002A6177 /* EmptySegue.h */ = {isa = PBXFileReference; fileEncoding = 4; lastKnownFileType = sourcecode.c.h; path = EmptySegue.h; sourceTree = "<group>"; };
		9D0D8E791AD86B0F002A6177 /* EmptySegue.m */ = {isa = PBXFileReference; fileEncoding = 4; lastKnownFileType = sourcecode.c.objc; path = EmptySegue.m; sourceTree = "<group>"; };
		9D178D1D1AD7019A00523BE7 /* AddPropertyViewController.h */ = {isa = PBXFileReference; fileEncoding = 4; lastKnownFileType = sourcecode.c.h; path = AddPropertyViewController.h; sourceTree = "<group>"; };
		9D178D1E1AD7019A00523BE7 /* AddPropertyViewController.m */ = {isa = PBXFileReference; fileEncoding = 4; lastKnownFileType = sourcecode.c.objc; path = AddPropertyViewController.m; sourceTree = "<group>"; };
		9D1A70B71AD486A80029E9D4 /* location_services.png */ = {isa = PBXFileReference; lastKnownFileType = image.png; path = location_services.png; sourceTree = "<group>"; };
		9D9CC76A1A9FA221000D127E /* Expense.h */ = {isa = PBXFileReference; fileEncoding = 4; lastKnownFileType = sourcecode.c.h; path = Expense.h; sourceTree = "<group>"; };
		9D9CC76B1A9FA221000D127E /* Expense.m */ = {isa = PBXFileReference; fileEncoding = 4; lastKnownFileType = sourcecode.c.objc; path = Expense.m; sourceTree = "<group>"; };
		9D9EB5A81AD84C9C00118AA2 /* PropertySearchController.h */ = {isa = PBXFileReference; fileEncoding = 4; lastKnownFileType = sourcecode.c.h; path = PropertySearchController.h; sourceTree = "<group>"; };
		9D9EB5A91AD84C9C00118AA2 /* PropertySearchController.m */ = {isa = PBXFileReference; fileEncoding = 4; lastKnownFileType = sourcecode.c.objc; path = PropertySearchController.m; sourceTree = "<group>"; };
		9D9EB5AB1AD864C300118AA2 /* ContainerViewController.h */ = {isa = PBXFileReference; fileEncoding = 4; lastKnownFileType = sourcecode.c.h; path = ContainerViewController.h; sourceTree = "<group>"; };
		9D9EB5AC1AD864C300118AA2 /* ContainerViewController.m */ = {isa = PBXFileReference; fileEncoding = 4; lastKnownFileType = sourcecode.c.objc; path = ContainerViewController.m; sourceTree = "<group>"; };
		9D9EB5AE1AD8660D00118AA2 /* ListViewController.h */ = {isa = PBXFileReference; fileEncoding = 4; lastKnownFileType = sourcecode.c.h; path = ListViewController.h; sourceTree = "<group>"; };
		9D9EB5AF1AD8660D00118AA2 /* ListViewController.m */ = {isa = PBXFileReference; fileEncoding = 4; lastKnownFileType = sourcecode.c.objc; path = ListViewController.m; sourceTree = "<group>"; };
		9DD37AAA1AA784E90092983A /* Filter.png */ = {isa = PBXFileReference; lastKnownFileType = image.png; path = Filter.png; sourceTree = "<group>"; };
		A5F1691BA81DA620C97A616B /* Pods-Multi-Family Properties Search.release.xcconfig */ = {isa = PBXFileReference; includeInIndex = 1; lastKnownFileType = text.xcconfig; name = "Pods-Multi-Family Properties Search.release.xcconfig"; path = "Pods/Target Support Files/Pods-Multi-Family Properties Search/Pods-Multi-Family Properties Search.release.xcconfig"; sourceTree = "<group>"; };
		A8960ED62ADEBB5396452F9C /* Pods-Multi-Family Properties Search.debug.xcconfig */ = {isa = PBXFileReference; includeInIndex = 1; lastKnownFileType = text.xcconfig; name = "Pods-Multi-Family Properties Search.debug.xcconfig"; path = "Pods/Target Support Files/Pods-Multi-Family Properties Search/Pods-Multi-Family Properties Search.debug.xcconfig"; sourceTree = "<group>"; };
/* End PBXFileReference section */

/* Begin PBXFrameworksBuildPhase section */
		364D82D81A83D17400DDCCC5 /* Frameworks */ = {
			isa = PBXFrameworksBuildPhase;
			buildActionMask = 2147483647;
			files = (
				364D83081A83DF4900DDCCC5 /* MapKit.framework in Frameworks */,
				39544DD094DE3344D9EA0565 /* libPods-Chrometopia.a in Frameworks */,
			);
			runOnlyForDeploymentPostprocessing = 0;
		};
/* End PBXFrameworksBuildPhase section */

/* Begin PBXGroup section */
		363EED661B52B53C0047B41C /* SavedSearchResult */ = {
			isa = PBXGroup;
			children = (
				363EED6B1B52B5C30047B41C /* SavedSearchResults.storyboard */,
				363EED721B52B7860047B41C /* SavedSearhResultsTableViewController.h */,
				363EED731B52B7860047B41C /* SavedSearhResultsTableViewController.m */,
			);
			name = SavedSearchResult;
			sourceTree = "<group>";
		};
		363EED671B52B5500047B41C /* Alert */ = {
			isa = PBXGroup;
			children = (
				363EED6D1B52B6C50047B41C /* Alerts.storyboard */,
				363EED6F1B52B71E0047B41C /* AlertsViewController.h */,
				363EED701B52B71E0047B41C /* AlertsViewController.m */,
			);
			name = Alert;
			sourceTree = "<group>";
		};
		363EED681B52B56F0047B41C /* MapSearch */ = {
			isa = PBXGroup;
			children = (
				9D9EB5AB1AD864C300118AA2 /* ContainerViewController.h */,
				9D9EB5AC1AD864C300118AA2 /* ContainerViewController.m */,
				9D0D8E781AD86B0F002A6177 /* EmptySegue.h */,
				9D0D8E791AD86B0F002A6177 /* EmptySegue.m */,
				9D0010901AA6689F005C3375 /* FilterDelegate.h */,
				9D00108D1AA63348005C3375 /* FilterViewController.h */,
				9D00108E1AA63348005C3375 /* FilterViewController.m */,
				9D9EB5AE1AD8660D00118AA2 /* ListViewController.h */,
				9D9EB5AF1AD8660D00118AA2 /* ListViewController.m */,
				363EED7D1B52C56D0047B41C /* MapSearch.storyboard */,
				9D9EB5A81AD84C9C00118AA2 /* PropertySearchController.h */,
				9D9EB5A91AD84C9C00118AA2 /* PropertySearchController.m */,
				364D83091A83E89300DDCCC5 /* SearchViewController.h */,
				364D830A1A83E89300DDCCC5 /* SearchViewController.m */,
				36D42A0C1B5AA404002A9C81 /* AnnotationCalloutViewController.h */,
				36D42A0D1B5AA404002A9C81 /* AnnotationCalloutViewController.m */,
			);
			name = MapSearch;
			sourceTree = "<group>";
		};
		363EED771B52BFD00047B41C /* PropertyDetail */ = {
			isa = PBXGroup;
			children = (
				364D832F1A843F0E00DDCCC5 /* PropertyDetailViewController.h */,
				364D83301A843F0E00DDCCC5 /* PropertyDetailViewController.m */,
				363EED7B1B52C1930047B41C /* PropertyDetails.storyboard */,
				36D5F4CB1B5C05F30055D78D /* FinancialViewController.h */,
				36D5F4CC1B5C05F30055D78D /* FinancialViewController.m */,
				36D5F4CE1B5C061B0055D78D /* DetailTableViewController.h */,
				36D5F4CF1B5C061B0055D78D /* DetailTableViewController.m */,
				36D5F4D11B5C48C30055D78D /* FinancialTableViewController.h */,
				36D5F4D21B5C48C30055D78D /* FinancialTableViewController.m */,
				365882551B611BED00456CBF /* ExpenseChartViewController.h */,
				365882561B611BED00456CBF /* ExpenseChartViewController.m */,
				365882581B611C0500456CBF /* IncomeExpenseChartViewController.h */,
				365882591B611C0500456CBF /* IncomeExpenseChartViewController.m */,
			);
			name = PropertyDetail;
			sourceTree = "<group>";
		};
		363EED781B52C0510047B41C /* Junk */ = {
			isa = PBXGroup;
			children = (
				36573E341A9244C00023680D /* LoginViewController.h */,
				36573E351A9244C00023680D /* LoginViewController.m */,
				36573E371A9244DB0023680D /* RegisterViewController.h */,
				36573E381A9244DB0023680D /* RegisterViewController.m */,
				364D83221A83FF9C00DDCCC5 /* MyAccountviewController.h */,
				364D83231A83FF9C00DDCCC5 /* MyAccountviewController.m */,
			);
			name = Junk;
			sourceTree = "<group>";
		};
		363EED791B52C0670047B41C /* Root */ = {
			isa = PBXGroup;
			children = (
				364D82EB1A83D17400DDCCC5 /* Main.storyboard */,
				369B60A41AAB4BC200C69C17 /* RootViewController.h */,
				369B60A51AAB4BC200C69C17 /* RootViewController.m */,
				36615B861AD0421700E48A8F /* PGSideDrawerController.h */,
				36615B871AD0421700E48A8F /* PGSideDrawerController.m */,
				36615B881AD0421700E48A8F /* PGViewController.h */,
				36615B891AD0421700E48A8F /* PGViewController.m */,
			);
			name = Root;
			sourceTree = "<group>";
		};
		363EED7A1B52C0D90047B41C /* Extensions */ = {
			isa = PBXGroup;
			children = (
				365333EC1A98E1CD00511302 /* NSUserDefaultsCategory.h */,
				365333ED1A98E1CD00511302 /* NSUserDefaultsCategory.m */,
			);
			name = Extensions;
			sourceTree = "<group>";
		};
		364D82D21A83D17400DDCCC5 = {
			isa = PBXGroup;
			children = (
				364D83071A83DF4900DDCCC5 /* MapKit.framework */,
				364D82DD1A83D17400DDCCC5 /* Chrometopia */,
				364D82FA1A83D17400DDCCC5 /* Chrometopia Tests */,
				364D82DC1A83D17400DDCCC5 /* Products */,
				7D5709FD972DEC1F1DA8B867 /* Pods */,
				698CCE5BCBE59C3E927BFA32 /* Frameworks */,
			);
			sourceTree = "<group>";
		};
		364D82DC1A83D17400DDCCC5 /* Products */ = {
			isa = PBXGroup;
			children = (
				364D82DB1A83D17400DDCCC5 /* Chrometopia.app */,
			);
			name = Products;
			sourceTree = "<group>";
		};
		364D82DD1A83D17400DDCCC5 /* Chrometopia */ = {
			isa = PBXGroup;
			children = (
				364D82E21A83D17400DDCCC5 /* AppDelegate.h */,
				364D82E31A83D17400DDCCC5 /* AppDelegate.m */,
				9D178D1A1AD6FC9500523BE7 /* Controllers */,
				363EED7A1B52C0D90047B41C /* Extensions */,
				364D82EE1A83D17400DDCCC5 /* Images.xcassets */,
				364D82F01A83D17400DDCCC5 /* LaunchScreen.xib */,
				9D178D1B1AD6FCEB00523BE7 /* Models */,
				9D178D1C1AD6FD0D00523BE7 /* stores */,
				364D82DE1A83D17400DDCCC5 /* Supporting Files */,
			);
			name = Chrometopia;
			path = "Multi-Family Properties Search";
			sourceTree = "<group>";
		};
		364D82DE1A83D17400DDCCC5 /* Supporting Files */ = {
			isa = PBXGroup;
			children = (
				36F9FDC31B626A02006B47B3 /* LogoTransparent.png */,
				362417191B608C1C00D61A3B /* house.png */,
				365261041B5166AE0091B448 /* disclosure.png */,
				3604BAB71B4CD309008260C0 /* map_pin.png */,
				36EC115E1B4B768F005FC935 /* chrometopia.png */,
				36EC115A1B4B7363005FC935 /* icon50.png */,
				36EC11581B4B706A005FC935 /* logo.png */,
				9D1A70B71AD486A80029E9D4 /* location_services.png */,
				365B70601AA3867300BC7E91 /* hand25.png */,
				9DD37AAA1AA784E90092983A /* Filter.png */,
				365B70611AA3867300BC7E91 /* delete25.png */,
				3611C71C1A9A2A000058FDC5 /* facebook_signin.png */,
				3611C71D1A9A2A000058FDC5 /* google_signin.png */,
				3611C71E1A9A2A000058FDC5 /* twitter_signin.png */,
				367659891A853D6700D3D929 /* appicon.png */,
				367659831A8529B600D3D929 /* pic..png */,
				367659841A8529B600D3D929 /* expense.png */,
				367659851A8529B600D3D929 /* graph.png */,
				364D83251A841F5300DDCCC5 /* small-red-pin.png */,
				364D830F1A83F76100DDCCC5 /* im1.jpg */,
				364D83101A83F76100DDCCC5 /* im2.jpg */,
				364D83111A83F76100DDCCC5 /* im3.jpg */,
				364D83121A83F76100DDCCC5 /* im4.jpg */,
				364D83131A83F76100DDCCC5 /* im5.jpg */,
				364D83141A83F76100DDCCC5 /* im6.jpg */,
				364D83151A83F76100DDCCC5 /* im7.jpg */,
				364D83161A83F76100DDCCC5 /* im8.jpg */,
				364D82DF1A83D17400DDCCC5 /* Info.plist */,
				364D82E01A83D17400DDCCC5 /* main.m */,
			);
			name = "Supporting Files";
			sourceTree = "<group>";
		};
		364D82FA1A83D17400DDCCC5 /* Chrometopia Tests */ = {
			isa = PBXGroup;
			children = (
				364D82FD1A83D17400DDCCC5 /* Multi_Family_Properties_SearchTests.m */,
				364D82FB1A83D17400DDCCC5 /* Supporting Files */,
			);
			name = "Chrometopia Tests";
			path = "Multi-Family Properties SearchTests";
			sourceTree = "<group>";
		};
		364D82FB1A83D17400DDCCC5 /* Supporting Files */ = {
			isa = PBXGroup;
			children = (
				364D82FC1A83D17400DDCCC5 /* Info.plist */,
			);
			name = "Supporting Files";
			sourceTree = "<group>";
		};
		365261061B5168CB0091B448 /* Setting */ = {
			isa = PBXGroup;
			children = (
				365261071B5168FA0091B448 /* Settings.storyboard */,
				365261091B51716E0091B448 /* SettingsTableViewController.h */,
				3652610A1B51716E0091B448 /* SettingsTableViewController.m */,
			);
			name = Setting;
			sourceTree = "<group>";
		};
		36899EFB1B4EBBD900B9805F /* Sigin */ = {
			isa = PBXGroup;
			children = (
				36899EF91B4EA99100B9805F /* signin.storyboard */,
				36899EFC1B4EBC0D00B9805F /* SigninTableViewController.h */,
				36899EFD1B4EBC0D00B9805F /* SigninTableViewController.m */,
			);
			name = Sigin;
			sourceTree = "<group>";
		};
		36F12A9E1B517845002E7669 /* MyProperty */ = {
			isa = PBXGroup;
			children = (
				363EED751B52BCFB0047B41C /* MyProperties.storyboard */,
				9D178D1D1AD7019A00523BE7 /* AddPropertyViewController.h */,
				9D178D1E1AD7019A00523BE7 /* AddPropertyViewController.m */,
				364D831F1A83F95C00DDCCC5 /* MyListingViewController.h */,
				364D83201A83F95C00DDCCC5 /* MyListingViewController.m */,
			);
			name = MyProperty;
			sourceTree = "<group>";
		};
		36F12A9F1B517DAA002E7669 /* HottestProperty */ = {
			isa = PBXGroup;
			children = (
				36F12AA01B517DDC002E7669 /* HottestProperty.storyboard */,
				364D830C1A83F6DD00DDCCC5 /* HottestTableViewController.h */,
				364D830D1A83F6DD00DDCCC5 /* HottestTableViewController.m */,
				36F12AA21B51851F002E7669 /* HottestPropertyContainerViewController.h */,
				36F12AA31B51851F002E7669 /* HottestPropertyContainerViewController.m */,
			);
			name = HottestProperty;
			sourceTree = "<group>";
		};
		698CCE5BCBE59C3E927BFA32 /* Frameworks */ = {
			isa = PBXGroup;
			children = (
				0FB7576E5EABC1E99F1E1C66 /* libPods-Chrometopia.a */,
			);
			name = Frameworks;
			sourceTree = "<group>";
		};
		7D5709FD972DEC1F1DA8B867 /* Pods */ = {
			isa = PBXGroup;
			children = (
				A8960ED62ADEBB5396452F9C /* Pods-Multi-Family Properties Search.debug.xcconfig */,
				A5F1691BA81DA620C97A616B /* Pods-Multi-Family Properties Search.release.xcconfig */,
				0DF5098118B2ED258E6E1F23 /* Pods-Chrometopia.debug.xcconfig */,
				9CEF9275FE27C8F8593F2CF0 /* Pods-Chrometopia.release.xcconfig */,
			);
			name = Pods;
			sourceTree = "<group>";
		};
		9D178D1A1AD6FC9500523BE7 /* Controllers */ = {
			isa = PBXGroup;
			children = (
				363EED671B52B5500047B41C /* Alert */,
				36F12A9F1B517DAA002E7669 /* HottestProperty */,
				363EED781B52C0510047B41C /* Junk */,
				363EED681B52B56F0047B41C /* MapSearch */,
				36F12A9E1B517845002E7669 /* MyProperty */,
				363EED771B52BFD00047B41C /* PropertyDetail */,
				363EED791B52C0670047B41C /* Root */,
				363EED661B52B53C0047B41C /* SavedSearchResult */,
				365261061B5168CB0091B448 /* Setting */,
				36899EFB1B4EBBD900B9805F /* Sigin */,
			);
			name = Controllers;
			sourceTree = "<group>";
		};
		9D178D1B1AD6FCEB00523BE7 /* Models */ = {
			isa = PBXGroup;
			children = (
				365CDBB71A92A66100C41FB5 /* User.h */,
				9D9CC76A1A9FA221000D127E /* Expense.h */,
				9D9CC76B1A9FA221000D127E /* Expense.m */,
				365CDBB81A92A66100C41FB5 /* User.m */,
				364D83291A8428EE00DDCCC5 /* Property.h */,
				364D832A1A8428EE00DDCCC5 /* Property.m */,
			);
			name = Models;
			sourceTree = "<group>";
		};
		9D178D1C1AD6FD0D00523BE7 /* stores */ = {
			isa = PBXGroup;
			children = (
				365CDBBA1A92A72600C41FB5 /* UserDataStore.h */,
				365CDBBB1A92A72600C41FB5 /* UserDataStore.m */,
				367E26F01A8FA8D8005B2879 /* PropertyDataStore.h */,
				367E26F11A8FA8D8005B2879 /* PropertyDataStore.m */,
			);
			name = stores;
			sourceTree = "<group>";
		};
/* End PBXGroup section */

/* Begin PBXNativeTarget section */
		364D82DA1A83D17400DDCCC5 /* Chrometopia */ = {
			isa = PBXNativeTarget;
			buildConfigurationList = 364D83011A83D17400DDCCC5 /* Build configuration list for PBXNativeTarget "Chrometopia" */;
			buildPhases = (
				7420C8D5E0B9CDCB467F6C14 /* Check Pods Manifest.lock */,
				364D82D71A83D17400DDCCC5 /* Sources */,
				364D82D81A83D17400DDCCC5 /* Frameworks */,
				364D82D91A83D17400DDCCC5 /* Resources */,
				4AF8B19A0DE41A0E43B3F45E /* Copy Pods Resources */,
			);
			buildRules = (
			);
			dependencies = (
			);
			name = Chrometopia;
			productName = "Multi-Family Properties Search";
			productReference = 364D82DB1A83D17400DDCCC5 /* Chrometopia.app */;
			productType = "com.apple.product-type.application";
		};
/* End PBXNativeTarget section */

/* Begin PBXProject section */
		364D82D31A83D17400DDCCC5 /* Project object */ = {
			isa = PBXProject;
			attributes = {
				LastUpgradeCheck = 0610;
				ORGANIZATIONNAME = "Kevin Chen";
				TargetAttributes = {
					364D82DA1A83D17400DDCCC5 = {
						CreatedOnToolsVersion = 6.1.1;
						DevelopmentTeam = 4N7YX63622;
						SystemCapabilities = {
							com.apple.Maps.iOS = {
								enabled = 1;
							};
						};
					};
				};
			};
			buildConfigurationList = 364D82D61A83D17400DDCCC5 /* Build configuration list for PBXProject "Chrometopia" */;
			compatibilityVersion = "Xcode 3.2";
			developmentRegion = English;
			hasScannedForEncodings = 0;
			knownRegions = (
				en,
				Base,
			);
			mainGroup = 364D82D21A83D17400DDCCC5;
			productRefGroup = 364D82DC1A83D17400DDCCC5 /* Products */;
			projectDirPath = "";
			projectRoot = "";
			targets = (
				364D82DA1A83D17400DDCCC5 /* Chrometopia */,
			);
		};
/* End PBXProject section */

/* Begin PBXResourcesBuildPhase section */
		364D82D91A83D17400DDCCC5 /* Resources */ = {
			isa = PBXResourcesBuildPhase;
			buildActionMask = 2147483647;
			files = (
				364D82ED1A83D17400DDCCC5 /* Main.storyboard in Resources */,
				3611C71F1A9A2A000058FDC5 /* facebook_signin.png in Resources */,
				36F12AA11B517DDC002E7669 /* HottestProperty.storyboard in Resources */,
				3624171A1B608C1C00D61A3B /* house.png in Resources */,
				364D831B1A83F76100DDCCC5 /* im5.jpg in Resources */,
				364D83171A83F76100DDCCC5 /* im1.jpg in Resources */,
				36899EFA1B4EA99100B9805F /* signin.storyboard in Resources */,
				364D831D1A83F76100DDCCC5 /* im7.jpg in Resources */,
				365B70631AA3867300BC7E91 /* delete25.png in Resources */,
				3611C7201A9A2A000058FDC5 /* google_signin.png in Resources */,
				367659871A8529B600D3D929 /* expense.png in Resources */,
				365261081B5168FA0091B448 /* Settings.storyboard in Resources */,
				367659861A8529B600D3D929 /* pic..png in Resources */,
				365261051B5166AE0091B448 /* disclosure.png in Resources */,
				364D831E1A83F76100DDCCC5 /* im8.jpg in Resources */,
				364D83261A841F5300DDCCC5 /* small-red-pin.png in Resources */,
				36EC115F1B4B768F005FC935 /* chrometopia.png in Resources */,
				36EC115B1B4B7363005FC935 /* icon50.png in Resources */,
				3676598A1A853D6700D3D929 /* appicon.png in Resources */,
				9D1A70B81AD486A80029E9D4 /* location_services.png in Resources */,
				364D82F21A83D17400DDCCC5 /* LaunchScreen.xib in Resources */,
				367659881A8529B600D3D929 /* graph.png in Resources */,
				364D83191A83F76100DDCCC5 /* im3.jpg in Resources */,
				36EC11591B4B706A005FC935 /* logo.png in Resources */,
				363EED7E1B52C56D0047B41C /* MapSearch.storyboard in Resources */,
				3611C7211A9A2A000058FDC5 /* twitter_signin.png in Resources */,
				363EED6C1B52B5C30047B41C /* SavedSearchResults.storyboard in Resources */,
				36F9FDC41B626A02006B47B3 /* LogoTransparent.png in Resources */,
				364D83181A83F76100DDCCC5 /* im2.jpg in Resources */,
				9DD37AAB1AA784E90092983A /* Filter.png in Resources */,
				363EED761B52BCFB0047B41C /* MyProperties.storyboard in Resources */,
				364D831C1A83F76100DDCCC5 /* im6.jpg in Resources */,
				364D82EF1A83D17400DDCCC5 /* Images.xcassets in Resources */,
				364D831A1A83F76100DDCCC5 /* im4.jpg in Resources */,
				365B70621AA3867300BC7E91 /* hand25.png in Resources */,
				363EED7C1B52C1930047B41C /* PropertyDetails.storyboard in Resources */,
				3604BAB81B4CD309008260C0 /* map_pin.png in Resources */,
				363EED6E1B52B6C50047B41C /* Alerts.storyboard in Resources */,
			);
			runOnlyForDeploymentPostprocessing = 0;
		};
/* End PBXResourcesBuildPhase section */

/* Begin PBXShellScriptBuildPhase section */
		4AF8B19A0DE41A0E43B3F45E /* Copy Pods Resources */ = {
			isa = PBXShellScriptBuildPhase;
			buildActionMask = 2147483647;
			files = (
			);
			inputPaths = (
			);
			name = "Copy Pods Resources";
			outputPaths = (
			);
			runOnlyForDeploymentPostprocessing = 0;
			shellPath = /bin/sh;
			shellScript = "\"${SRCROOT}/Pods/Target Support Files/Pods-Chrometopia/Pods-Chrometopia-resources.sh\"\n";
			showEnvVarsInLog = 0;
		};
		7420C8D5E0B9CDCB467F6C14 /* Check Pods Manifest.lock */ = {
			isa = PBXShellScriptBuildPhase;
			buildActionMask = 2147483647;
			files = (
			);
			inputPaths = (
			);
			name = "Check Pods Manifest.lock";
			outputPaths = (
			);
			runOnlyForDeploymentPostprocessing = 0;
			shellPath = /bin/sh;
			shellScript = "diff \"${PODS_ROOT}/../Podfile.lock\" \"${PODS_ROOT}/Manifest.lock\" > /dev/null\nif [[ $? != 0 ]] ; then\n    cat << EOM\nerror: The sandbox is not in sync with the Podfile.lock. Run 'pod install' or update your CocoaPods installation.\nEOM\n    exit 1\nfi\n";
			showEnvVarsInLog = 0;
		};
/* End PBXShellScriptBuildPhase section */

/* Begin PBXSourcesBuildPhase section */
		364D82D71A83D17400DDCCC5 /* Sources */ = {
			isa = PBXSourcesBuildPhase;
			buildActionMask = 2147483647;
			files = (
				3658825A1B611C0500456CBF /* IncomeExpenseChartViewController.m in Sources */,
				365882571B611BED00456CBF /* ExpenseChartViewController.m in Sources */,
				365CDBBC1A92A72600C41FB5 /* UserDataStore.m in Sources */,
				363EED741B52B7860047B41C /* SavedSearhResultsTableViewController.m in Sources */,
				367E26F21A8FA8D8005B2879 /* PropertyDataStore.m in Sources */,
				364D82E41A83D17400DDCCC5 /* AppDelegate.m in Sources */,
				364D830B1A83E89300DDCCC5 /* SearchViewController.m in Sources */,
				364D830E1A83F6DD00DDCCC5 /* HottestTableViewController.m in Sources */,
				364D82E11A83D17400DDCCC5 /* main.m in Sources */,
				9D00108F1AA63348005C3375 /* FilterViewController.m in Sources */,
				36D5F4D31B5C48C30055D78D /* FinancialTableViewController.m in Sources */,
				36D42A0E1B5AA404002A9C81 /* AnnotationCalloutViewController.m in Sources */,
				9D9EB5AA1AD84C9C00118AA2 /* PropertySearchController.m in Sources */,
				3652610B1B51716E0091B448 /* SettingsTableViewController.m in Sources */,
				9D178D1F1AD7019A00523BE7 /* AddPropertyViewController.m in Sources */,
				9D9EB5B01AD8660D00118AA2 /* ListViewController.m in Sources */,
				364D83311A843F0E00DDCCC5 /* PropertyDetailViewController.m in Sources */,
				36615B8A1AD0421700E48A8F /* PGSideDrawerController.m in Sources */,
				365333EE1A98E1CD00511302 /* NSUserDefaultsCategory.m in Sources */,
				36D5F4D01B5C061B0055D78D /* DetailTableViewController.m in Sources */,
				9D9CC76C1A9FA221000D127E /* Expense.m in Sources */,
				365CDBB91A92A66100C41FB5 /* User.m in Sources */,
				9D0D8E7A1AD86B0F002A6177 /* EmptySegue.m in Sources */,
				36573E361A9244C00023680D /* LoginViewController.m in Sources */,
				369B60A61AAB4BC200C69C17 /* RootViewController.m in Sources */,
				36D5F4CD1B5C05F30055D78D /* FinancialViewController.m in Sources */,
				363EED711B52B71E0047B41C /* AlertsViewController.m in Sources */,
				36F12AA41B51851F002E7669 /* HottestPropertyContainerViewController.m in Sources */,
				36573E391A9244DB0023680D /* RegisterViewController.m in Sources */,
				36615B8B1AD0421700E48A8F /* PGViewController.m in Sources */,
				36899EFE1B4EBC0D00B9805F /* SigninTableViewController.m in Sources */,
				9D9EB5AD1AD864C300118AA2 /* ContainerViewController.m in Sources */,
				364D83241A83FF9C00DDCCC5 /* MyAccountviewController.m in Sources */,
				364D83211A83F95C00DDCCC5 /* MyListingViewController.m in Sources */,
				364D832B1A8428EE00DDCCC5 /* Property.m in Sources */,
			);
			runOnlyForDeploymentPostprocessing = 0;
		};
/* End PBXSourcesBuildPhase section */

/* Begin PBXVariantGroup section */
		364D82EB1A83D17400DDCCC5 /* Main.storyboard */ = {
			isa = PBXVariantGroup;
			children = (
				364D82EC1A83D17400DDCCC5 /* Base */,
			);
			name = Main.storyboard;
			sourceTree = "<group>";
		};
		364D82F01A83D17400DDCCC5 /* LaunchScreen.xib */ = {
			isa = PBXVariantGroup;
			children = (
				364D82F11A83D17400DDCCC5 /* Base */,
			);
			name = LaunchScreen.xib;
			sourceTree = "<group>";
		};
/* End PBXVariantGroup section */

/* Begin XCBuildConfiguration section */
		364D82FF1A83D17400DDCCC5 /* Debug */ = {
			isa = XCBuildConfiguration;
			buildSettings = {
				ALWAYS_SEARCH_USER_PATHS = NO;
				CLANG_CXX_LANGUAGE_STANDARD = "gnu++0x";
				CLANG_CXX_LIBRARY = "libc++";
				CLANG_ENABLE_MODULES = YES;
				CLANG_ENABLE_OBJC_ARC = YES;
				CLANG_WARN_BOOL_CONVERSION = YES;
				CLANG_WARN_CONSTANT_CONVERSION = YES;
				CLANG_WARN_DIRECT_OBJC_ISA_USAGE = YES_ERROR;
				CLANG_WARN_EMPTY_BODY = YES;
				CLANG_WARN_ENUM_CONVERSION = YES;
				CLANG_WARN_INT_CONVERSION = YES;
				CLANG_WARN_OBJC_ROOT_CLASS = YES_ERROR;
				CLANG_WARN_UNREACHABLE_CODE = YES;
				CLANG_WARN__DUPLICATE_METHOD_MATCH = YES;
				"CODE_SIGN_IDENTITY[sdk=iphoneos*]" = "iPhone Developer";
				COPY_PHASE_STRIP = NO;
				ENABLE_STRICT_OBJC_MSGSEND = YES;
				GCC_C_LANGUAGE_STANDARD = gnu99;
				GCC_DYNAMIC_NO_PIC = NO;
				GCC_OPTIMIZATION_LEVEL = 0;
				GCC_PREPROCESSOR_DEFINITIONS = (
					"DEBUG=1",
					"$(inherited)",
				);
				GCC_SYMBOLS_PRIVATE_EXTERN = NO;
				GCC_WARN_64_TO_32_BIT_CONVERSION = YES;
				GCC_WARN_ABOUT_RETURN_TYPE = YES_ERROR;
				GCC_WARN_UNDECLARED_SELECTOR = YES;
				GCC_WARN_UNINITIALIZED_AUTOS = YES_AGGRESSIVE;
				GCC_WARN_UNUSED_FUNCTION = YES;
				GCC_WARN_UNUSED_VARIABLE = YES;
				IPHONEOS_DEPLOYMENT_TARGET = 8.1;
				MTL_ENABLE_DEBUG_INFO = YES;
				ONLY_ACTIVE_ARCH = YES;
				SDKROOT = iphoneos;
				TARGETED_DEVICE_FAMILY = "1,2";
			};
			name = Debug;
		};
		364D83001A83D17400DDCCC5 /* Release */ = {
			isa = XCBuildConfiguration;
			buildSettings = {
				ALWAYS_SEARCH_USER_PATHS = NO;
				CLANG_CXX_LANGUAGE_STANDARD = "gnu++0x";
				CLANG_CXX_LIBRARY = "libc++";
				CLANG_ENABLE_MODULES = YES;
				CLANG_ENABLE_OBJC_ARC = YES;
				CLANG_WARN_BOOL_CONVERSION = YES;
				CLANG_WARN_CONSTANT_CONVERSION = YES;
				CLANG_WARN_DIRECT_OBJC_ISA_USAGE = YES_ERROR;
				CLANG_WARN_EMPTY_BODY = YES;
				CLANG_WARN_ENUM_CONVERSION = YES;
				CLANG_WARN_INT_CONVERSION = YES;
				CLANG_WARN_OBJC_ROOT_CLASS = YES_ERROR;
				CLANG_WARN_UNREACHABLE_CODE = YES;
				CLANG_WARN__DUPLICATE_METHOD_MATCH = YES;
				"CODE_SIGN_IDENTITY[sdk=iphoneos*]" = "iPhone Developer";
				COPY_PHASE_STRIP = YES;
				ENABLE_NS_ASSERTIONS = NO;
				ENABLE_STRICT_OBJC_MSGSEND = YES;
				GCC_C_LANGUAGE_STANDARD = gnu99;
				GCC_WARN_64_TO_32_BIT_CONVERSION = YES;
				GCC_WARN_ABOUT_RETURN_TYPE = YES_ERROR;
				GCC_WARN_UNDECLARED_SELECTOR = YES;
				GCC_WARN_UNINITIALIZED_AUTOS = YES_AGGRESSIVE;
				GCC_WARN_UNUSED_FUNCTION = YES;
				GCC_WARN_UNUSED_VARIABLE = YES;
				IPHONEOS_DEPLOYMENT_TARGET = 8.1;
				MTL_ENABLE_DEBUG_INFO = NO;
				SDKROOT = iphoneos;
				TARGETED_DEVICE_FAMILY = "1,2";
				VALIDATE_PRODUCT = YES;
			};
			name = Release;
		};
		364D83021A83D17400DDCCC5 /* Debug */ = {
			isa = XCBuildConfiguration;
			baseConfigurationReference = 0DF5098118B2ED258E6E1F23 /* Pods-Chrometopia.debug.xcconfig */;
			buildSettings = {
				ASSETCATALOG_COMPILER_APPICON_NAME = AppIcon;
				INFOPLIST_FILE = "Multi-Family Properties Search/Info.plist";
				IPHONEOS_DEPLOYMENT_TARGET = 8.2;
				LD_RUNPATH_SEARCH_PATHS = "$(inherited) @executable_path/Frameworks";
				PRODUCT_NAME = Chrometopia;
			};
			name = Debug;
		};
		364D83031A83D17400DDCCC5 /* Release */ = {
			isa = XCBuildConfiguration;
			baseConfigurationReference = 9CEF9275FE27C8F8593F2CF0 /* Pods-Chrometopia.release.xcconfig */;
			buildSettings = {
				ASSETCATALOG_COMPILER_APPICON_NAME = AppIcon;
				INFOPLIST_FILE = "Multi-Family Properties Search/Info.plist";
				IPHONEOS_DEPLOYMENT_TARGET = 8.2;
				LD_RUNPATH_SEARCH_PATHS = "$(inherited) @executable_path/Frameworks";
				PRODUCT_NAME = Chrometopia;
			};
			name = Release;
		};
/* End XCBuildConfiguration section */

/* Begin XCConfigurationList section */
		364D82D61A83D17400DDCCC5 /* Build configuration list for PBXProject "Chrometopia" */ = {
			isa = XCConfigurationList;
			buildConfigurations = (
				364D82FF1A83D17400DDCCC5 /* Debug */,
				364D83001A83D17400DDCCC5 /* Release */,
			);
			defaultConfigurationIsVisible = 0;
			defaultConfigurationName = Release;
		};
		364D83011A83D17400DDCCC5 /* Build configuration list for PBXNativeTarget "Chrometopia" */ = {
			isa = XCConfigurationList;
			buildConfigurations = (
				364D83021A83D17400DDCCC5 /* Debug */,
				364D83031A83D17400DDCCC5 /* Release */,
			);
			defaultConfigurationIsVisible = 0;
			defaultConfigurationName = Release;
		};
/* End XCConfigurationList section */
	};
	rootObject = 364D82D31A83D17400DDCCC5 /* Project object */;
}
